// !$*UTF8*$!
{
	archiveVersion = 1;
	classes = {
	};
	objectVersion = 56;
	objects = {

/* Begin PBXBuildFile section */
		7C1353B32C97846500EC7D21 /* Task_Management_AppApp.swift in Sources */ = {isa = PBXBuildFile; fileRef = 7C1353B22C97846500EC7D21 /* Task_Management_AppApp.swift */; };
		7C1353B52C97846500EC7D21 /* ContentView.swift in Sources */ = {isa = PBXBuildFile; fileRef = 7C1353B42C97846500EC7D21 /* ContentView.swift */; };
		7C1353B72C97846800EC7D21 /* Assets.xcassets in Resources */ = {isa = PBXBuildFile; fileRef = 7C1353B62C97846800EC7D21 /* Assets.xcassets */; };
		7C1353BA2C97846800EC7D21 /* Preview Assets.xcassets in Resources */ = {isa = PBXBuildFile; fileRef = 7C1353B92C97846800EC7D21 /* Preview Assets.xcassets */; };
		7C1353C42C97846800EC7D21 /* Task_Management_AppTests.swift in Sources */ = {isa = PBXBuildFile; fileRef = 7C1353C32C97846800EC7D21 /* Task_Management_AppTests.swift */; };
		7C1353CE2C97846800EC7D21 /* Task_Management_AppUITests.swift in Sources */ = {isa = PBXBuildFile; fileRef = 7C1353CD2C97846800EC7D21 /* Task_Management_AppUITests.swift */; };
		7C1353D02C97846800EC7D21 /* Task_Management_AppUITestsLaunchTests.swift in Sources */ = {isa = PBXBuildFile; fileRef = 7C1353CF2C97846800EC7D21 /* Task_Management_AppUITestsLaunchTests.swift */; };
		7C23A6B72CC3CE2600D14BB0 /* TasksView.swift in Sources */ = {isa = PBXBuildFile; fileRef = 7C23A6B62CC3CE2600D14BB0 /* TasksView.swift */; };
		7C25BE102CBA9F2100543594 /* Task.swift in Sources */ = {isa = PBXBuildFile; fileRef = 7C25BE0F2CBA9F2100543594 /* Task.swift */; };
		7C25BE132CBAA37E00543594 /* View+Extensions.swift in Sources */ = {isa = PBXBuildFile; fileRef = 7C25BE122CBAA37E00543594 /* View+Extensions.swift */; };
		7C25BE152CBAA3AE00543594 /* Date+Extensions.swift in Sources */ = {isa = PBXBuildFile; fileRef = 7C25BE142CBAA3AE00543594 /* Date+Extensions.swift */; };
		7C25BE182CBAA58A00543594 /* Home.swift in Sources */ = {isa = PBXBuildFile; fileRef = 7C25BE172CBAA58A00543594 /* Home.swift */; };
		7C2C39762CC037DF0030A249 /* OffsetKey.swift in Sources */ = {isa = PBXBuildFile; fileRef = 7C2C39752CC037DF0030A249 /* OffsetKey.swift */; };
		7C2C39782CC044060030A249 /* TaskRowView.swift in Sources */ = {isa = PBXBuildFile; fileRef = 7C2C39772CC044060030A249 /* TaskRowView.swift */; };
		7C2C397A2CC04C5D0030A249 /* NewTaskView.swift in Sources */ = {isa = PBXBuildFile; fileRef = 7C2C39792CC04C5D0030A249 /* NewTaskView.swift */; };
/* End PBXBuildFile section */

/* Begin PBXContainerItemProxy section */
		7C1353C02C97846800EC7D21 /* PBXContainerItemProxy */ = {
			isa = PBXContainerItemProxy;
			containerPortal = 7C1353A72C97846500EC7D21 /* Project object */;
			proxyType = 1;
			remoteGlobalIDString = 7C1353AE2C97846500EC7D21;
			remoteInfo = "Task Management App";
		};
		7C1353CA2C97846800EC7D21 /* PBXContainerItemProxy */ = {
			isa = PBXContainerItemProxy;
			containerPortal = 7C1353A72C97846500EC7D21 /* Project object */;
			proxyType = 1;
			remoteGlobalIDString = 7C1353AE2C97846500EC7D21;
			remoteInfo = "Task Management App";
		};
/* End PBXContainerItemProxy section */

/* Begin PBXFileReference section */
		7C1353AF2C97846500EC7D21 /* Task Management App.app */ = {isa = PBXFileReference; explicitFileType = wrapper.application; includeInIndex = 0; path = "Task Management App.app"; sourceTree = BUILT_PRODUCTS_DIR; };
		7C1353B22C97846500EC7D21 /* Task_Management_AppApp.swift */ = {isa = PBXFileReference; lastKnownFileType = sourcecode.swift; path = Task_Management_AppApp.swift; sourceTree = "<group>"; };
		7C1353B42C97846500EC7D21 /* ContentView.swift */ = {isa = PBXFileReference; lastKnownFileType = sourcecode.swift; path = ContentView.swift; sourceTree = "<group>"; };
		7C1353B62C97846800EC7D21 /* Assets.xcassets */ = {isa = PBXFileReference; lastKnownFileType = folder.assetcatalog; path = Assets.xcassets; sourceTree = "<group>"; };
		7C1353B92C97846800EC7D21 /* Preview Assets.xcassets */ = {isa = PBXFileReference; lastKnownFileType = folder.assetcatalog; path = "Preview Assets.xcassets"; sourceTree = "<group>"; };
		7C1353BF2C97846800EC7D21 /* Task Management AppTests.xctest */ = {isa = PBXFileReference; explicitFileType = wrapper.cfbundle; includeInIndex = 0; path = "Task Management AppTests.xctest"; sourceTree = BUILT_PRODUCTS_DIR; };
		7C1353C32C97846800EC7D21 /* Task_Management_AppTests.swift */ = {isa = PBXFileReference; lastKnownFileType = sourcecode.swift; path = Task_Management_AppTests.swift; sourceTree = "<group>"; };
		7C1353C92C97846800EC7D21 /* Task Management AppUITests.xctest */ = {isa = PBXFileReference; explicitFileType = wrapper.cfbundle; includeInIndex = 0; path = "Task Management AppUITests.xctest"; sourceTree = BUILT_PRODUCTS_DIR; };
		7C1353CD2C97846800EC7D21 /* Task_Management_AppUITests.swift */ = {isa = PBXFileReference; lastKnownFileType = sourcecode.swift; path = Task_Management_AppUITests.swift; sourceTree = "<group>"; };
		7C1353CF2C97846800EC7D21 /* Task_Management_AppUITestsLaunchTests.swift */ = {isa = PBXFileReference; lastKnownFileType = sourcecode.swift; path = Task_Management_AppUITestsLaunchTests.swift; sourceTree = "<group>"; };
		7C23A6B62CC3CE2600D14BB0 /* TasksView.swift */ = {isa = PBXFileReference; lastKnownFileType = sourcecode.swift; path = TasksView.swift; sourceTree = "<group>"; };
		7C25BE0F2CBA9F2100543594 /* Task.swift */ = {isa = PBXFileReference; lastKnownFileType = sourcecode.swift; path = Task.swift; sourceTree = "<group>"; };
		7C25BE122CBAA37E00543594 /* View+Extensions.swift */ = {isa = PBXFileReference; lastKnownFileType = sourcecode.swift; path = "View+Extensions.swift"; sourceTree = "<group>"; };
		7C25BE142CBAA3AE00543594 /* Date+Extensions.swift */ = {isa = PBXFileReference; lastKnownFileType = sourcecode.swift; path = "Date+Extensions.swift"; sourceTree = "<group>"; };
		7C25BE172CBAA58A00543594 /* Home.swift */ = {isa = PBXFileReference; lastKnownFileType = sourcecode.swift; path = Home.swift; sourceTree = "<group>"; };
		7C2C39752CC037DF0030A249 /* OffsetKey.swift */ = {isa = PBXFileReference; lastKnownFileType = sourcecode.swift; path = OffsetKey.swift; sourceTree = "<group>"; };
		7C2C39772CC044060030A249 /* TaskRowView.swift */ = {isa = PBXFileReference; lastKnownFileType = sourcecode.swift; path = TaskRowView.swift; sourceTree = "<group>"; };
		7C2C39792CC04C5D0030A249 /* NewTaskView.swift */ = {isa = PBXFileReference; lastKnownFileType = sourcecode.swift; path = NewTaskView.swift; sourceTree = "<group>"; };
/* End PBXFileReference section */

/* Begin PBXFrameworksBuildPhase section */
		7C1353AC2C97846500EC7D21 /* Frameworks */ = {
			isa = PBXFrameworksBuildPhase;
			buildActionMask = 2147483647;
			files = (
			);
			runOnlyForDeploymentPostprocessing = 0;
		};
		7C1353BC2C97846800EC7D21 /* Frameworks */ = {
			isa = PBXFrameworksBuildPhase;
			buildActionMask = 2147483647;
			files = (
			);
			runOnlyForDeploymentPostprocessing = 0;
		};
		7C1353C62C97846800EC7D21 /* Frameworks */ = {
			isa = PBXFrameworksBuildPhase;
			buildActionMask = 2147483647;
			files = (
			);
			runOnlyForDeploymentPostprocessing = 0;
		};
/* End PBXFrameworksBuildPhase section */

/* Begin PBXGroup section */
		7C1353A62C97846500EC7D21 = {
			isa = PBXGroup;
			children = (
				7C1353B12C97846500EC7D21 /* Task Management App */,
				7C1353C22C97846800EC7D21 /* Task Management AppTests */,
				7C1353CC2C97846800EC7D21 /* Task Management AppUITests */,
				7C1353B02C97846500EC7D21 /* Products */,
			);
			sourceTree = "<group>";
		};
		7C1353B02C97846500EC7D21 /* Products */ = {
			isa = PBXGroup;
			children = (
				7C1353AF2C97846500EC7D21 /* Task Management App.app */,
				7C1353BF2C97846800EC7D21 /* Task Management AppTests.xctest */,
				7C1353C92C97846800EC7D21 /* Task Management AppUITests.xctest */,
			);
			name = Products;
			sourceTree = "<group>";
		};
		7C1353B12C97846500EC7D21 /* Task Management App */ = {
			isa = PBXGroup;
			children = (
				7C25BE162CBAA55000543594 /* View */,
				7C25BE112CBAA36A00543594 /* Helpers */,
				7C25BE0E2CBA9F0500543594 /* Model */,
				7C1353B22C97846500EC7D21 /* Task_Management_AppApp.swift */,
				7C1353B42C97846500EC7D21 /* ContentView.swift */,
				7C1353B62C97846800EC7D21 /* Assets.xcassets */,
				7C1353B82C97846800EC7D21 /* Preview Content */,
			);
			path = "Task Management App";
			sourceTree = "<group>";
		};
		7C1353B82C97846800EC7D21 /* Preview Content */ = {
			isa = PBXGroup;
			children = (
				7C1353B92C97846800EC7D21 /* Preview Assets.xcassets */,
			);
			path = "Preview Content";
			sourceTree = "<group>";
		};
		7C1353C22C97846800EC7D21 /* Task Management AppTests */ = {
			isa = PBXGroup;
			children = (
				7C1353C32C97846800EC7D21 /* Task_Management_AppTests.swift */,
			);
			path = "Task Management AppTests";
			sourceTree = "<group>";
		};
		7C1353CC2C97846800EC7D21 /* Task Management AppUITests */ = {
			isa = PBXGroup;
			children = (
				7C1353CD2C97846800EC7D21 /* Task_Management_AppUITests.swift */,
				7C1353CF2C97846800EC7D21 /* Task_Management_AppUITestsLaunchTests.swift */,
			);
			path = "Task Management AppUITests";
			sourceTree = "<group>";
		};
		7C25BE0E2CBA9F0500543594 /* Model */ = {
			isa = PBXGroup;
			children = (
				7C25BE0F2CBA9F2100543594 /* Task.swift */,
			);
			path = Model;
			sourceTree = "<group>";
		};
		7C25BE112CBAA36A00543594 /* Helpers */ = {
			isa = PBXGroup;
			children = (
				7C25BE122CBAA37E00543594 /* View+Extensions.swift */,
				7C25BE142CBAA3AE00543594 /* Date+Extensions.swift */,
				7C2C39752CC037DF0030A249 /* OffsetKey.swift */,
			);
			path = Helpers;
			sourceTree = "<group>";
		};
		7C25BE162CBAA55000543594 /* View */ = {
			isa = PBXGroup;
			children = (
				7C25BE172CBAA58A00543594 /* Home.swift */,
				7C2C39772CC044060030A249 /* TaskRowView.swift */,
				7C2C39792CC04C5D0030A249 /* NewTaskView.swift */,
				7C23A6B62CC3CE2600D14BB0 /* TasksView.swift */,
			);
			path = View;
			sourceTree = "<group>";
		};
/* End PBXGroup section */

/* Begin PBXNativeTarget section */
		7C1353AE2C97846500EC7D21 /* Task Management App */ = {
			isa = PBXNativeTarget;
			buildConfigurationList = 7C1353D32C97846800EC7D21 /* Build configuration list for PBXNativeTarget "Task Management App" */;
			buildPhases = (
				7C1353AB2C97846500EC7D21 /* Sources */,
				7C1353AC2C97846500EC7D21 /* Frameworks */,
				7C1353AD2C97846500EC7D21 /* Resources */,
			);
			buildRules = (
			);
			dependencies = (
			);
			name = "Task Management App";
			productName = "Task Management App";
			productReference = 7C1353AF2C97846500EC7D21 /* Task Management App.app */;
			productType = "com.apple.product-type.application";
		};
		7C1353BE2C97846800EC7D21 /* Task Management AppTests */ = {
			isa = PBXNativeTarget;
			buildConfigurationList = 7C1353D62C97846800EC7D21 /* Build configuration list for PBXNativeTarget "Task Management AppTests" */;
			buildPhases = (
				7C1353BB2C97846800EC7D21 /* Sources */,
				7C1353BC2C97846800EC7D21 /* Frameworks */,
				7C1353BD2C97846800EC7D21 /* Resources */,
			);
			buildRules = (
			);
			dependencies = (
				7C1353C12C97846800EC7D21 /* PBXTargetDependency */,
			);
			name = "Task Management AppTests";
			productName = "Task Management AppTests";
			productReference = 7C1353BF2C97846800EC7D21 /* Task Management AppTests.xctest */;
			productType = "com.apple.product-type.bundle.unit-test";
		};
		7C1353C82C97846800EC7D21 /* Task Management AppUITests */ = {
			isa = PBXNativeTarget;
			buildConfigurationList = 7C1353D92C97846800EC7D21 /* Build configuration list for PBXNativeTarget "Task Management AppUITests" */;
			buildPhases = (
				7C1353C52C97846800EC7D21 /* Sources */,
				7C1353C62C97846800EC7D21 /* Frameworks */,
				7C1353C72C97846800EC7D21 /* Resources */,
			);
			buildRules = (
			);
			dependencies = (
				7C1353CB2C97846800EC7D21 /* PBXTargetDependency */,
			);
			name = "Task Management AppUITests";
			productName = "Task Management AppUITests";
			productReference = 7C1353C92C97846800EC7D21 /* Task Management AppUITests.xctest */;
			productType = "com.apple.product-type.bundle.ui-testing";
		};
/* End PBXNativeTarget section */

/* Begin PBXProject section */
		7C1353A72C97846500EC7D21 /* Project object */ = {
			isa = PBXProject;
			attributes = {
				BuildIndependentTargetsInParallel = 1;
				LastSwiftUpdateCheck = 1540;
				LastUpgradeCheck = 1540;
				TargetAttributes = {
					7C1353AE2C97846500EC7D21 = {
						CreatedOnToolsVersion = 15.4;
					};
					7C1353BE2C97846800EC7D21 = {
						CreatedOnToolsVersion = 15.4;
						TestTargetID = 7C1353AE2C97846500EC7D21;
					};
					7C1353C82C97846800EC7D21 = {
						CreatedOnToolsVersion = 15.4;
						TestTargetID = 7C1353AE2C97846500EC7D21;
					};
				};
			};
			buildConfigurationList = 7C1353AA2C97846500EC7D21 /* Build configuration list for PBXProject "Task Management App" */;
			compatibilityVersion = "Xcode 14.0";
			developmentRegion = en;
			hasScannedForEncodings = 0;
			knownRegions = (
				en,
				Base,
			);
			mainGroup = 7C1353A62C97846500EC7D21;
			productRefGroup = 7C1353B02C97846500EC7D21 /* Products */;
			projectDirPath = "";
			projectRoot = "";
			targets = (
				7C1353AE2C97846500EC7D21 /* Task Management App */,
				7C1353BE2C97846800EC7D21 /* Task Management AppTests */,
				7C1353C82C97846800EC7D21 /* Task Management AppUITests */,
			);
		};
/* End PBXProject section */

/* Begin PBXResourcesBuildPhase section */
		7C1353AD2C97846500EC7D21 /* Resources */ = {
			isa = PBXResourcesBuildPhase;
			buildActionMask = 2147483647;
			files = (
				7C1353BA2C97846800EC7D21 /* Preview Assets.xcassets in Resources */,
				7C1353B72C97846800EC7D21 /* Assets.xcassets in Resources */,
			);
			runOnlyForDeploymentPostprocessing = 0;
		};
		7C1353BD2C97846800EC7D21 /* Resources */ = {
			isa = PBXResourcesBuildPhase;
			buildActionMask = 2147483647;
			files = (
			);
			runOnlyForDeploymentPostprocessing = 0;
		};
		7C1353C72C97846800EC7D21 /* Resources */ = {
			isa = PBXResourcesBuildPhase;
			buildActionMask = 2147483647;
			files = (
			);
			runOnlyForDeploymentPostprocessing = 0;
		};
/* End PBXResourcesBuildPhase section */

/* Begin PBXSourcesBuildPhase section */
		7C1353AB2C97846500EC7D21 /* Sources */ = {
			isa = PBXSourcesBuildPhase;
			buildActionMask = 2147483647;
			files = (
				7C1353B52C97846500EC7D21 /* ContentView.swift in Sources */,
				7C25BE102CBA9F2100543594 /* Task.swift in Sources */,
				7C2C397A2CC04C5D0030A249 /* NewTaskView.swift in Sources */,
				7C2C39782CC044060030A249 /* TaskRowView.swift in Sources */,
				7C25BE132CBAA37E00543594 /* View+Extensions.swift in Sources */,
				7C2C39762CC037DF0030A249 /* OffsetKey.swift in Sources */,
				7C25BE152CBAA3AE00543594 /* Date+Extensions.swift in Sources */,
				7C25BE182CBAA58A00543594 /* Home.swift in Sources */,
				7C1353B32C97846500EC7D21 /* Task_Management_AppApp.swift in Sources */,
				7C23A6B72CC3CE2600D14BB0 /* TasksView.swift in Sources */,
			);
			runOnlyForDeploymentPostprocessing = 0;
		};
		7C1353BB2C97846800EC7D21 /* Sources */ = {
			isa = PBXSourcesBuildPhase;
			buildActionMask = 2147483647;
			files = (
				7C1353C42C97846800EC7D21 /* Task_Management_AppTests.swift in Sources */,
			);
			runOnlyForDeploymentPostprocessing = 0;
		};
		7C1353C52C97846800EC7D21 /* Sources */ = {
			isa = PBXSourcesBuildPhase;
			buildActionMask = 2147483647;
			files = (
				7C1353D02C97846800EC7D21 /* Task_Management_AppUITestsLaunchTests.swift in Sources */,
				7C1353CE2C97846800EC7D21 /* Task_Management_AppUITests.swift in Sources */,
			);
			runOnlyForDeploymentPostprocessing = 0;
		};
/* End PBXSourcesBuildPhase section */

/* Begin PBXTargetDependency section */
		7C1353C12C97846800EC7D21 /* PBXTargetDependency */ = {
			isa = PBXTargetDependency;
			target = 7C1353AE2C97846500EC7D21 /* Task Management App */;
			targetProxy = 7C1353C02C97846800EC7D21 /* PBXContainerItemProxy */;
		};
		7C1353CB2C97846800EC7D21 /* PBXTargetDependency */ = {
			isa = PBXTargetDependency;
			target = 7C1353AE2C97846500EC7D21 /* Task Management App */;
			targetProxy = 7C1353CA2C97846800EC7D21 /* PBXContainerItemProxy */;
		};
/* End PBXTargetDependency section */

/* Begin XCBuildConfiguration section */
		7C1353D12C97846800EC7D21 /* Debug */ = {
			isa = XCBuildConfiguration;
			buildSettings = {
				ALWAYS_SEARCH_USER_PATHS = NO;
				ASSETCATALOG_COMPILER_GENERATE_SWIFT_ASSET_SYMBOL_EXTENSIONS = YES;
				CLANG_ANALYZER_NONNULL = YES;
				CLANG_ANALYZER_NUMBER_OBJECT_CONVERSION = YES_AGGRESSIVE;
				CLANG_CXX_LANGUAGE_STANDARD = "gnu++20";
				CLANG_ENABLE_MODULES = YES;
				CLANG_ENABLE_OBJC_ARC = YES;
				CLANG_ENABLE_OBJC_WEAK = YES;
				CLANG_WARN_BLOCK_CAPTURE_AUTORELEASING = YES;
				CLANG_WARN_BOOL_CONVERSION = YES;
				CLANG_WARN_COMMA = YES;
				CLANG_WARN_CONSTANT_CONVERSION = YES;
				CLANG_WARN_DEPRECATED_OBJC_IMPLEMENTATIONS = YES;
				CLANG_WARN_DIRECT_OBJC_ISA_USAGE = YES_ERROR;
				CLANG_WARN_DOCUMENTATION_COMMENTS = YES;
				CLANG_WARN_EMPTY_BODY = YES;
				CLANG_WARN_ENUM_CONVERSION = YES;
				CLANG_WARN_INFINITE_RECURSION = YES;
				CLANG_WARN_INT_CONVERSION = YES;
				CLANG_WARN_NON_LITERAL_NULL_CONVERSION = YES;
				CLANG_WARN_OBJC_IMPLICIT_RETAIN_SELF = YES;
				CLANG_WARN_OBJC_LITERAL_CONVERSION = YES;
				CLANG_WARN_OBJC_ROOT_CLASS = YES_ERROR;
				CLANG_WARN_QUOTED_INCLUDE_IN_FRAMEWORK_HEADER = YES;
				CLANG_WARN_RANGE_LOOP_ANALYSIS = YES;
				CLANG_WARN_STRICT_PROTOTYPES = YES;
				CLANG_WARN_SUSPICIOUS_MOVE = YES;
				CLANG_WARN_UNGUARDED_AVAILABILITY = YES_AGGRESSIVE;
				CLANG_WARN_UNREACHABLE_CODE = YES;
				CLANG_WARN__DUPLICATE_METHOD_MATCH = YES;
				COPY_PHASE_STRIP = NO;
				DEBUG_INFORMATION_FORMAT = dwarf;
				ENABLE_STRICT_OBJC_MSGSEND = YES;
				ENABLE_TESTABILITY = YES;
				ENABLE_USER_SCRIPT_SANDBOXING = YES;
				GCC_C_LANGUAGE_STANDARD = gnu17;
				GCC_DYNAMIC_NO_PIC = NO;
				GCC_NO_COMMON_BLOCKS = YES;
				GCC_OPTIMIZATION_LEVEL = 0;
				GCC_PREPROCESSOR_DEFINITIONS = (
					"DEBUG=1",
					"$(inherited)",
				);
				GCC_WARN_64_TO_32_BIT_CONVERSION = YES;
				GCC_WARN_ABOUT_RETURN_TYPE = YES_ERROR;
				GCC_WARN_UNDECLARED_SELECTOR = YES;
				GCC_WARN_UNINITIALIZED_AUTOS = YES_AGGRESSIVE;
				GCC_WARN_UNUSED_FUNCTION = YES;
				GCC_WARN_UNUSED_VARIABLE = YES;
				IPHONEOS_DEPLOYMENT_TARGET = 17.5;
				LOCALIZATION_PREFERS_STRING_CATALOGS = YES;
				MTL_ENABLE_DEBUG_INFO = INCLUDE_SOURCE;
				MTL_FAST_MATH = YES;
				ONLY_ACTIVE_ARCH = YES;
				SDKROOT = iphoneos;
				SWIFT_ACTIVE_COMPILATION_CONDITIONS = "DEBUG $(inherited)";
				SWIFT_OPTIMIZATION_LEVEL = "-Onone";
			};
			name = Debug;
		};
		7C1353D22C97846800EC7D21 /* Release */ = {
			isa = XCBuildConfiguration;
			buildSettings = {
				ALWAYS_SEARCH_USER_PATHS = NO;
				ASSETCATALOG_COMPILER_GENERATE_SWIFT_ASSET_SYMBOL_EXTENSIONS = YES;
				CLANG_ANALYZER_NONNULL = YES;
				CLANG_ANALYZER_NUMBER_OBJECT_CONVERSION = YES_AGGRESSIVE;
				CLANG_CXX_LANGUAGE_STANDARD = "gnu++20";
				CLANG_ENABLE_MODULES = YES;
				CLANG_ENABLE_OBJC_ARC = YES;
				CLANG_ENABLE_OBJC_WEAK = YES;
				CLANG_WARN_BLOCK_CAPTURE_AUTORELEASING = YES;
				CLANG_WARN_BOOL_CONVERSION = YES;
				CLANG_WARN_COMMA = YES;
				CLANG_WARN_CONSTANT_CONVERSION = YES;
				CLANG_WARN_DEPRECATED_OBJC_IMPLEMENTATIONS = YES;
				CLANG_WARN_DIRECT_OBJC_ISA_USAGE = YES_ERROR;
				CLANG_WARN_DOCUMENTATION_COMMENTS = YES;
				CLANG_WARN_EMPTY_BODY = YES;
				CLANG_WARN_ENUM_CONVERSION = YES;
				CLANG_WARN_INFINITE_RECURSION = YES;
				CLANG_WARN_INT_CONVERSION = YES;
				CLANG_WARN_NON_LITERAL_NULL_CONVERSION = YES;
				CLANG_WARN_OBJC_IMPLICIT_RETAIN_SELF = YES;
				CLANG_WARN_OBJC_LITERAL_CONVERSION = YES;
				CLANG_WARN_OBJC_ROOT_CLASS = YES_ERROR;
				CLANG_WARN_QUOTED_INCLUDE_IN_FRAMEWORK_HEADER = YES;
				CLANG_WARN_RANGE_LOOP_ANALYSIS = YES;
				CLANG_WARN_STRICT_PROTOTYPES = YES;
				CLANG_WARN_SUSPICIOUS_MOVE = YES;
				CLANG_WARN_UNGUARDED_AVAILABILITY = YES_AGGRESSIVE;
				CLANG_WARN_UNREACHABLE_CODE = YES;
				CLANG_WARN__DUPLICATE_METHOD_MATCH = YES;
				COPY_PHASE_STRIP = NO;
				DEBUG_INFORMATION_FORMAT = "dwarf-with-dsym";
				ENABLE_NS_ASSERTIONS = NO;
				ENABLE_STRICT_OBJC_MSGSEND = YES;
				ENABLE_USER_SCRIPT_SANDBOXING = YES;
				GCC_C_LANGUAGE_STANDARD = gnu17;
				GCC_NO_COMMON_BLOCKS = YES;
				GCC_WARN_64_TO_32_BIT_CONVERSION = YES;
				GCC_WARN_ABOUT_RETURN_TYPE = YES_ERROR;
				GCC_WARN_UNDECLARED_SELECTOR = YES;
				GCC_WARN_UNINITIALIZED_AUTOS = YES_AGGRESSIVE;
				GCC_WARN_UNUSED_FUNCTION = YES;
				GCC_WARN_UNUSED_VARIABLE = YES;
				IPHONEOS_DEPLOYMENT_TARGET = 17.5;
				LOCALIZATION_PREFERS_STRING_CATALOGS = YES;
				MTL_ENABLE_DEBUG_INFO = NO;
				MTL_FAST_MATH = YES;
				SDKROOT = iphoneos;
				SWIFT_COMPILATION_MODE = wholemodule;
				VALIDATE_PRODUCT = YES;
			};
			name = Release;
		};
		7C1353D42C97846800EC7D21 /* Debug */ = {
			isa = XCBuildConfiguration;
			buildSettings = {
				ASSETCATALOG_COMPILER_APPICON_NAME = AppIcon;
				ASSETCATALOG_COMPILER_GLOBAL_ACCENT_COLOR_NAME = AccentColor;
				CODE_SIGN_STYLE = Automatic;
				CURRENT_PROJECT_VERSION = 1;
				DEVELOPMENT_ASSET_PATHS = "\"Task Management App/Preview Content\"";
				ENABLE_PREVIEWS = YES;
				GENERATE_INFOPLIST_FILE = YES;
				INFOPLIST_KEY_UIApplicationSceneManifest_Generation = YES;
				INFOPLIST_KEY_UIApplicationSupportsIndirectInputEvents = YES;
				INFOPLIST_KEY_UILaunchScreen_Generation = YES;
				INFOPLIST_KEY_UISupportedInterfaceOrientations_iPad = "UIInterfaceOrientationPortrait UIInterfaceOrientationPortraitUpsideDown UIInterfaceOrientationLandscapeLeft UIInterfaceOrientationLandscapeRight";
				INFOPLIST_KEY_UISupportedInterfaceOrientations_iPhone = "UIInterfaceOrientationPortrait UIInterfaceOrientationLandscapeLeft UIInterfaceOrientationLandscapeRight";
				LD_RUNPATH_SEARCH_PATHS = (
					"$(inherited)",
					"@executable_path/Frameworks",
				);
				MARKETING_VERSION = 1.0;
				PRODUCT_BUNDLE_IDENTIFIER = "com.batinsavrandev.Task-Management-App";
				PRODUCT_NAME = "$(TARGET_NAME)";
				SWIFT_EMIT_LOC_STRINGS = YES;
				SWIFT_VERSION = 5.0;
				TARGETED_DEVICE_FAMILY = "1,2";
			};
			name = Debug;
		};
		7C1353D52C97846800EC7D21 /* Release */ = {
			isa = XCBuildConfiguration;
			buildSettings = {
				ASSETCATALOG_COMPILER_APPICON_NAME = AppIcon;
				ASSETCATALOG_COMPILER_GLOBAL_ACCENT_COLOR_NAME = AccentColor;
				CODE_SIGN_STYLE = Automatic;
				CURRENT_PROJECT_VERSION = 1;
				DEVELOPMENT_ASSET_PATHS = "\"Task Management App/Preview Content\"";
				ENABLE_PREVIEWS = YES;
				GENERATE_INFOPLIST_FILE = YES;
				INFOPLIST_KEY_UIApplicationSceneManifest_Generation = YES;
				INFOPLIST_KEY_UIApplicationSupportsIndirectInputEvents = YES;
				INFOPLIST_KEY_UILaunchScreen_Generation = YES;
				INFOPLIST_KEY_UISupportedInterfaceOrientations_iPad = "UIInterfaceOrientationPortrait UIInterfaceOrientationPortraitUpsideDown UIInterfaceOrientationLandscapeLeft UIInterfaceOrientationLandscapeRight";
				INFOPLIST_KEY_UISupportedInterfaceOrientations_iPhone = "UIInterfaceOrientationPortrait UIInterfaceOrientationLandscapeLeft UIInterfaceOrientationLandscapeRight";
				LD_RUNPATH_SEARCH_PATHS = (
					"$(inherited)",
					"@executable_path/Frameworks",
				);
				MARKETING_VERSION = 1.0;
				PRODUCT_BUNDLE_IDENTIFIER = "com.batinsavrandev.Task-Management-App";
				PRODUCT_NAME = "$(TARGET_NAME)";
				SWIFT_EMIT_LOC_STRINGS = YES;
				SWIFT_VERSION = 5.0;
				TARGETED_DEVICE_FAMILY = "1,2";
			};
			name = Release;
		};
		7C1353D72C97846800EC7D21 /* Debug */ = {
			isa = XCBuildConfiguration;
			buildSettings = {
				ALWAYS_EMBED_SWIFT_STANDARD_LIBRARIES = YES;
				BUNDLE_LOADER = "$(TEST_HOST)";
				CODE_SIGN_STYLE = Automatic;
				CURRENT_PROJECT_VERSION = 1;
				GENERATE_INFOPLIST_FILE = YES;
				IPHONEOS_DEPLOYMENT_TARGET = 17.5;
				MARKETING_VERSION = 1.0;
				PRODUCT_BUNDLE_IDENTIFIER = "com.batinsavrandev.Task-Management-AppTests";
				PRODUCT_NAME = "$(TARGET_NAME)";
				SWIFT_EMIT_LOC_STRINGS = NO;
				SWIFT_VERSION = 5.0;
				TARGETED_DEVICE_FAMILY = "1,2";
				TEST_HOST = "$(BUILT_PRODUCTS_DIR)/Task Management App.app/$(BUNDLE_EXECUTABLE_FOLDER_PATH)/Task Management App";
			};
			name = Debug;
		};
		7C1353D82C97846800EC7D21 /* Release */ = {
			isa = XCBuildConfiguration;
			buildSettings = {
				ALWAYS_EMBED_SWIFT_STANDARD_LIBRARIES = YES;
				BUNDLE_LOADER = "$(TEST_HOST)";
				CODE_SIGN_STYLE = Automatic;
				CURRENT_PROJECT_VERSION = 1;
				GENERATE_INFOPLIST_FILE = YES;
				IPHONEOS_DEPLOYMENT_TARGET = 17.5;
				MARKETING_VERSION = 1.0;
				PRODUCT_BUNDLE_IDENTIFIER = "com.batinsavrandev.Task-Management-AppTests";
				PRODUCT_NAME = "$(TARGET_NAME)";
				SWIFT_EMIT_LOC_STRINGS = NO;
				SWIFT_VERSION = 5.0;
				TARGETED_DEVICE_FAMILY = "1,2";
				TEST_HOST = "$(BUILT_PRODUCTS_DIR)/Task Management App.app/$(BUNDLE_EXECUTABLE_FOLDER_PATH)/Task Management App";
			};
			name = Release;
		};
		7C1353DA2C97846800EC7D21 /* Debug */ = {
			isa = XCBuildConfiguration;
			buildSettings = {
				ALWAYS_EMBED_SWIFT_STANDARD_LIBRARIES = YES;
				CODE_SIGN_STYLE = Automatic;
				CURRENT_PROJECT_VERSION = 1;
				GENERATE_INFOPLIST_FILE = YES;
				MARKETING_VERSION = 1.0;
				PRODUCT_BUNDLE_IDENTIFIER = "com.batinsavrandev.Task-Management-AppUITests";
				PRODUCT_NAME = "$(TARGET_NAME)";
				SWIFT_EMIT_LOC_STRINGS = NO;
				SWIFT_VERSION = 5.0;
				TARGETED_DEVICE_FAMILY = "1,2";
				TEST_TARGET_NAME = "Task Management App";
			};
			name = Debug;
		};
		7C1353DB2C97846800EC7D21 /* Release */ = {
			isa = XCBuildConfiguration;
			buildSettings = {
				ALWAYS_EMBED_SWIFT_STANDARD_LIBRARIES = YES;
				CODE_SIGN_STYLE = Automatic;
				CURRENT_PROJECT_VERSION = 1;
				GENERATE_INFOPLIST_FILE = YES;
				MARKETING_VERSION = 1.0;
				PRODUCT_BUNDLE_IDENTIFIER = "com.batinsavrandev.Task-Management-AppUITests";
				PRODUCT_NAME = "$(TARGET_NAME)";
				SWIFT_EMIT_LOC_STRINGS = NO;
				SWIFT_VERSION = 5.0;
				TARGETED_DEVICE_FAMILY = "1,2";
				TEST_TARGET_NAME = "Task Management App";
			};
			name = Release;
		};
/* End XCBuildConfiguration section */

/* Begin XCConfigurationList section */
		7C1353AA2C97846500EC7D21 /* Build configuration list for PBXProject "Task Management App" */ = {
			isa = XCConfigurationList;
			buildConfigurations = (
				7C1353D12C97846800EC7D21 /* Debug */,
				7C1353D22C97846800EC7D21 /* Release */,
			);
			defaultConfigurationIsVisible = 0;
			defaultConfigurationName = Release;
		};
		7C1353D32C97846800EC7D21 /* Build configuration list for PBXNativeTarget "Task Management App" */ = {
			isa = XCConfigurationList;
			buildConfigurations = (
				7C1353D42C97846800EC7D21 /* Debug */,
				7C1353D52C97846800EC7D21 /* Release */,
			);
			defaultConfigurationIsVisible = 0;
			defaultConfigurationName = Release;
		};
		7C1353D62C97846800EC7D21 /* Build configuration list for PBXNativeTarget "Task Management AppTests" */ = {
			isa = XCConfigurationList;
			buildConfigurations = (
				7C1353D72C97846800EC7D21 /* Debug */,
				7C1353D82C97846800EC7D21 /* Release */,
			);
			defaultConfigurationIsVisible = 0;
			defaultConfigurationName = Release;
		};
		7C1353D92C97846800EC7D21 /* Build configuration list for PBXNativeTarget "Task Management AppUITests" */ = {
			isa = XCConfigurationList;
			buildConfigurations = (
				7C1353DA2C97846800EC7D21 /* Debug */,
				7C1353DB2C97846800EC7D21 /* Release */,
			);
			defaultConfigurationIsVisible = 0;
			defaultConfigurationName = Release;
		};
/* End XCConfigurationList section */
	};
	rootObject = 7C1353A72C97846500EC7D21 /* Project object */;
}
